
Microsoft Visual Studio Solution File, Format Version 12.00
# Visual Studio Version 17
VisualStudioVersion = 17.4.33213.308
MinimumVisualStudioVersion = 10.0.40219.1
Project("{2150E333-8FDC-42A3-9474-1A3956D46DE8}") = "Services", "Services", "{D08F6331-8976-4136-AAA7-01ED600EB8B1}"
EndProject
Project("{2150E333-8FDC-42A3-9474-1A3956D46DE8}") = "Catalog", "Catalog", "{81A7D52C-AC5D-4D09-84BD-165390F5D246}"
EndProject
Project("{FAE04EC0-301F-11D3-BF4B-00C04F79EFBC}") = "CourseCatalogService.API", "Services\Catalog\CourseCatalogService.API\CourseCatalogService.API.csproj", "{CD0385A8-AB1E-4BDA-8442-8290E2691E91}"
EndProject
Project("{2150E333-8FDC-42A3-9474-1A3956D46DE8}") = "Solution Items", "Solution Items", "{7DE6B530-32EF-4010-8085-5F4AA2DECEAB}"
	ProjectSection(SolutionItems) = preProject
		TextFile1.txt = TextFile1.txt
	EndProjectSection
EndProject
Project("{2150E333-8FDC-42A3-9474-1A3956D46DE8}") = "Shared", "Shared", "{37365FD5-7AFF-496E-AEBB-C4B53632764F}"
EndProject
Project("{FAE04EC0-301F-11D3-BF4B-00C04F79EFBC}") = "CourseServiceCatalog.Shared", "Shared\CourseServiceCatalog.Shared\CourseServiceCatalog.Shared.csproj", "{4025536E-DCB2-4F72-93EB-62ADD97E554E}"
EndProject
Global
	GlobalSection(SolutionConfigurationPlatforms) = preSolution
		Debug|Any CPU = Debug|Any CPU
		Release|Any CPU = Release|Any CPU
	EndGlobalSection
	GlobalSection(ProjectConfigurationPlatforms) = postSolution
		{CD0385A8-AB1E-4BDA-8442-8290E2691E91}.Debug|Any CPU.ActiveCfg = Debug|Any CPU
		{CD0385A8-AB1E-4BDA-8442-8290E2691E91}.Debug|Any CPU.Build.0 = Debug|Any CPU
		{CD0385A8-AB1E-4BDA-8442-8290E2691E91}.Release|Any CPU.ActiveCfg = Release|Any CPU
		{CD0385A8-AB1E-4BDA-8442-8290E2691E91}.Release|Any CPU.Build.0 = Release|Any CPU
		{4025536E-DCB2-4F72-93EB-62ADD97E554E}.Debug|Any CPU.ActiveCfg = Debug|Any CPU
		{4025536E-DCB2-4F72-93EB-62ADD97E554E}.Debug|Any CPU.Build.0 = Debug|Any CPU
		{4025536E-DCB2-4F72-93EB-62ADD97E554E}.Release|Any CPU.ActiveCfg = Release|Any CPU
		{4025536E-DCB2-4F72-93EB-62ADD97E554E}.Release|Any CPU.Build.0 = Release|Any CPU
	EndGlobalSection
	GlobalSection(SolutionProperties) = preSolution
		HideSolutionNode = FALSE
	EndGlobalSection
	GlobalSection(NestedProjects) = preSolution
		{81A7D52C-AC5D-4D09-84BD-165390F5D246} = {D08F6331-8976-4136-AAA7-01ED600EB8B1}
		{CD0385A8-AB1E-4BDA-8442-8290E2691E91} = {81A7D52C-AC5D-4D09-84BD-165390F5D246}
		{4025536E-DCB2-4F72-93EB-62ADD97E554E} = {37365FD5-7AFF-496E-AEBB-C4B53632764F}
	EndGlobalSection
	GlobalSection(ExtensibilityGlobals) = postSolution
		SolutionGuid = {42B89727-6ED8-4C15-9C1A-870949F70386}
	EndGlobalSection
EndGlobal
