
Microsoft Visual Studio Solution File, Format Version 12.00
# Visual Studio Version 17
VisualStudioVersion = 17.4.33213.308
MinimumVisualStudioVersion = 10.0.40219.1
Project("{2150E333-8FDC-42A3-9474-1A3956D46DE8}") = "Services", "Services", "{D08F6331-8976-4136-AAA7-01ED600EB8B1}"
EndProject
Project("{2150E333-8FDC-42A3-9474-1A3956D46DE8}") = "Catalog", "Catalog", "{81A7D52C-AC5D-4D09-84BD-165390F5D246}"
EndProject
Project("{9A19103F-16F7-4668-BE54-9A1E7A4F7556}") = "CourseCatalogService.API", "Services\Catalog\CourseCatalogService.API\CourseCatalogService.API.csproj", "{CD0385A8-AB1E-4BDA-8442-8290E2691E91}"
EndProject
Project("{2150E333-8FDC-42A3-9474-1A3956D46DE8}") = "Solution Items", "Solution Items", "{7DE6B530-32EF-4010-8085-5F4AA2DECEAB}"
	ProjectSection(SolutionItems) = preProject
		TextFile1.txt = TextFile1.txt
	EndProjectSection
EndProject
Project("{2150E333-8FDC-42A3-9474-1A3956D46DE8}") = "Shared", "Shared", "{37365FD5-7AFF-496E-AEBB-C4B53632764F}"
EndProject
Project("{2150E333-8FDC-42A3-9474-1A3956D46DE8}") = "IdentityServer", "IdentityServer", "{930CAA2D-E472-4825-9AD6-C782F068BAF2}"
EndProject
Project("{9A19103F-16F7-4668-BE54-9A1E7A4F7556}") = "FreeCouse.IdentityServer", "IdentityServer\FreeCouse.IdentityServer\FreeCouse.IdentityServer.csproj", "{2357C23C-D646-4A28-9A25-42409DE26028}"
EndProject
Project("{FAE04EC0-301F-11D3-BF4B-00C04F79EFBC}") = "CourseServiceCatalog.Shares", "Shared\CourseServiceCatalog.Shares\CourseServiceCatalog.Shares.csproj", "{82FD6D5A-2154-4A24-BB28-A27D23430E70}"
EndProject
Project("{2150E333-8FDC-42A3-9474-1A3956D46DE8}") = "PhotoStock", "PhotoStock", "{0BD668B1-4FD9-45B9-B57D-0DB5CFC8FA07}"
EndProject
Project("{FAE04EC0-301F-11D3-BF4B-00C04F79EFBC}") = "FreeCourseServices.PhotoStock", "Services\PhotoStock\FreeCourseServices.PhotoStock\FreeCourseServices.PhotoStock.csproj", "{F2053305-DD9E-4B54-97E2-C6C74B608801}"
EndProject
Project("{2150E333-8FDC-42A3-9474-1A3956D46DE8}") = "Basket", "Basket", "{64A9CDD8-32D0-482B-8658-57CAF7CF5803}"
EndProject
Project("{FAE04EC0-301F-11D3-BF4B-00C04F79EFBC}") = "FreeCourse.Services.Basket", "Services\Basket\FreeCourse.Services.Basket\FreeCourse.Services.Basket.csproj", "{0EA8CD61-4C54-4CE7-92D9-3AD1922E4BA1}"
EndProject
Project("{2150E333-8FDC-42A3-9474-1A3956D46DE8}") = "Discount", "Discount", "{9A59973B-D342-4FE5-BFD9-410D2DC7D3F7}"
EndProject
Project("{FAE04EC0-301F-11D3-BF4B-00C04F79EFBC}") = "FreeCourse.Services.Discount", "Services\Discount\FreeCourse.Services.Discount\FreeCourse.Services.Discount.csproj", "{26946483-299C-4A48-AF2B-176B70BC3671}"
EndProject
Project("{2150E333-8FDC-42A3-9474-1A3956D46DE8}") = "Order", "Order", "{18E48611-8175-437B-BD1E-43A2B9A3B7FF}"
EndProject
Project("{FAE04EC0-301F-11D3-BF4B-00C04F79EFBC}") = "FreeCourse.Services.Order.API", "Services\Order\FreeCourse.Services.Order.API\FreeCourse.Services.Order.API.csproj", "{81661C50-E8FF-44C1-8989-BD256535F23B}"
EndProject
Project("{FAE04EC0-301F-11D3-BF4B-00C04F79EFBC}") = "FreeCourse.Services.Order.Application", "Services\Order\FreeCourse.Services.Order.Application\FreeCourse.Services.Order.Application.csproj", "{3521452A-CF9A-41DC-9661-2F4D12411669}"
EndProject
Project("{FAE04EC0-301F-11D3-BF4B-00C04F79EFBC}") = "FreeCourse.Services.Order.Domain", "Services\Order\FreeCourse.Services.Order.Domain\FreeCourse.Services.Order.Domain.csproj", "{A062B65B-3F0C-4317-8C02-5FAB6C311EE3}"
EndProject
Project("{FAE04EC0-301F-11D3-BF4B-00C04F79EFBC}") = "FreeCourse.Services.Order.Domain.Core", "Services\Order\FreeCourse.Services.Order.Domain.Core\FreeCourse.Services.Order.Domain.Core.csproj", "{5A224EED-4B9B-4A2E-9C2E-7CE10C852E08}"
EndProject
Project("{FAE04EC0-301F-11D3-BF4B-00C04F79EFBC}") = "FreeCourse.Services.Order.Infrastructure", "Services\Order\FreeCourse.Services.Order.Infrastructure\FreeCourse.Services.Order.Infrastructure.csproj", "{BFE867EF-450C-4D8D-93AF-FBCC11F13690}"
EndProject
Project("{2150E333-8FDC-42A3-9474-1A3956D46DE8}") = "FakePayment", "FakePayment", "{F4F5C61C-D9A7-4E9A-ABA5-F987A373AE5C}"
EndProject
Project("{FAE04EC0-301F-11D3-BF4B-00C04F79EFBC}") = "FreeCourse.Services.FakePayment", "Services\FakePayment\FreeCourse.Services.FakePayment\FreeCourse.Services.FakePayment.csproj", "{8555238D-5888-4A7D-8E44-469004DE38FF}"
EndProject
Project("{2150E333-8FDC-42A3-9474-1A3956D46DE8}") = "Gateways", "Gateways", "{0D6320D1-EBD5-45E4-A70F-CC7E01137A81}"
EndProject
Project("{FAE04EC0-301F-11D3-BF4B-00C04F79EFBC}") = "FreeCourseGateway", "FreeCourseGateway\FreeCourseGateway.csproj", "{90C07C99-F214-4AFA-895A-CB47DF191E0E}"
EndProject
Project("{2150E333-8FDC-42A3-9474-1A3956D46DE8}") = "Clients", "Clients", "{D454AA28-582C-4AAA-84F3-59F8588E637A}"
EndProject
Project("{FAE04EC0-301F-11D3-BF4B-00C04F79EFBC}") = "FreeCourse.Web", "Clients\FreeCourse.Web\FreeCourse.Web.csproj", "{09ED2C1B-893E-4E13-881D-29343AA5F5E9}"
EndProject
Global
	GlobalSection(SolutionConfigurationPlatforms) = preSolution
		Debug|Any CPU = Debug|Any CPU
		Release|Any CPU = Release|Any CPU
	EndGlobalSection
	GlobalSection(ProjectConfigurationPlatforms) = postSolution
		{CD0385A8-AB1E-4BDA-8442-8290E2691E91}.Debug|Any CPU.ActiveCfg = Debug|Any CPU
		{CD0385A8-AB1E-4BDA-8442-8290E2691E91}.Debug|Any CPU.Build.0 = Debug|Any CPU
		{CD0385A8-AB1E-4BDA-8442-8290E2691E91}.Release|Any CPU.ActiveCfg = Release|Any CPU
		{CD0385A8-AB1E-4BDA-8442-8290E2691E91}.Release|Any CPU.Build.0 = Release|Any CPU
		{2357C23C-D646-4A28-9A25-42409DE26028}.Debug|Any CPU.ActiveCfg = Debug|Any CPU
		{2357C23C-D646-4A28-9A25-42409DE26028}.Debug|Any CPU.Build.0 = Debug|Any CPU
		{2357C23C-D646-4A28-9A25-42409DE26028}.Release|Any CPU.ActiveCfg = Release|Any CPU
		{2357C23C-D646-4A28-9A25-42409DE26028}.Release|Any CPU.Build.0 = Release|Any CPU
		{82FD6D5A-2154-4A24-BB28-A27D23430E70}.Debug|Any CPU.ActiveCfg = Debug|Any CPU
		{82FD6D5A-2154-4A24-BB28-A27D23430E70}.Debug|Any CPU.Build.0 = Debug|Any CPU
		{82FD6D5A-2154-4A24-BB28-A27D23430E70}.Release|Any CPU.ActiveCfg = Release|Any CPU
		{82FD6D5A-2154-4A24-BB28-A27D23430E70}.Release|Any CPU.Build.0 = Release|Any CPU
		{F2053305-DD9E-4B54-97E2-C6C74B608801}.Debug|Any CPU.ActiveCfg = Debug|Any CPU
		{F2053305-DD9E-4B54-97E2-C6C74B608801}.Debug|Any CPU.Build.0 = Debug|Any CPU
		{F2053305-DD9E-4B54-97E2-C6C74B608801}.Release|Any CPU.ActiveCfg = Release|Any CPU
		{F2053305-DD9E-4B54-97E2-C6C74B608801}.Release|Any CPU.Build.0 = Release|Any CPU
		{0EA8CD61-4C54-4CE7-92D9-3AD1922E4BA1}.Debug|Any CPU.ActiveCfg = Debug|Any CPU
		{0EA8CD61-4C54-4CE7-92D9-3AD1922E4BA1}.Debug|Any CPU.Build.0 = Debug|Any CPU
		{0EA8CD61-4C54-4CE7-92D9-3AD1922E4BA1}.Release|Any CPU.ActiveCfg = Release|Any CPU
		{0EA8CD61-4C54-4CE7-92D9-3AD1922E4BA1}.Release|Any CPU.Build.0 = Release|Any CPU
		{26946483-299C-4A48-AF2B-176B70BC3671}.Debug|Any CPU.ActiveCfg = Debug|Any CPU
		{26946483-299C-4A48-AF2B-176B70BC3671}.Debug|Any CPU.Build.0 = Debug|Any CPU
		{26946483-299C-4A48-AF2B-176B70BC3671}.Release|Any CPU.ActiveCfg = Release|Any CPU
		{26946483-299C-4A48-AF2B-176B70BC3671}.Release|Any CPU.Build.0 = Release|Any CPU
		{81661C50-E8FF-44C1-8989-BD256535F23B}.Debug|Any CPU.ActiveCfg = Debug|Any CPU
		{81661C50-E8FF-44C1-8989-BD256535F23B}.Debug|Any CPU.Build.0 = Debug|Any CPU
		{81661C50-E8FF-44C1-8989-BD256535F23B}.Release|Any CPU.ActiveCfg = Release|Any CPU
		{81661C50-E8FF-44C1-8989-BD256535F23B}.Release|Any CPU.Build.0 = Release|Any CPU
		{3521452A-CF9A-41DC-9661-2F4D12411669}.Debug|Any CPU.ActiveCfg = Debug|Any CPU
		{3521452A-CF9A-41DC-9661-2F4D12411669}.Debug|Any CPU.Build.0 = Debug|Any CPU
		{3521452A-CF9A-41DC-9661-2F4D12411669}.Release|Any CPU.ActiveCfg = Release|Any CPU
		{3521452A-CF9A-41DC-9661-2F4D12411669}.Release|Any CPU.Build.0 = Release|Any CPU
		{A062B65B-3F0C-4317-8C02-5FAB6C311EE3}.Debug|Any CPU.ActiveCfg = Debug|Any CPU
		{A062B65B-3F0C-4317-8C02-5FAB6C311EE3}.Debug|Any CPU.Build.0 = Debug|Any CPU
		{A062B65B-3F0C-4317-8C02-5FAB6C311EE3}.Release|Any CPU.ActiveCfg = Release|Any CPU
		{A062B65B-3F0C-4317-8C02-5FAB6C311EE3}.Release|Any CPU.Build.0 = Release|Any CPU
		{5A224EED-4B9B-4A2E-9C2E-7CE10C852E08}.Debug|Any CPU.ActiveCfg = Debug|Any CPU
		{5A224EED-4B9B-4A2E-9C2E-7CE10C852E08}.Debug|Any CPU.Build.0 = Debug|Any CPU
		{5A224EED-4B9B-4A2E-9C2E-7CE10C852E08}.Release|Any CPU.ActiveCfg = Release|Any CPU
		{5A224EED-4B9B-4A2E-9C2E-7CE10C852E08}.Release|Any CPU.Build.0 = Release|Any CPU
		{BFE867EF-450C-4D8D-93AF-FBCC11F13690}.Debug|Any CPU.ActiveCfg = Debug|Any CPU
		{BFE867EF-450C-4D8D-93AF-FBCC11F13690}.Debug|Any CPU.Build.0 = Debug|Any CPU
		{BFE867EF-450C-4D8D-93AF-FBCC11F13690}.Release|Any CPU.ActiveCfg = Release|Any CPU
		{BFE867EF-450C-4D8D-93AF-FBCC11F13690}.Release|Any CPU.Build.0 = Release|Any CPU
		{8555238D-5888-4A7D-8E44-469004DE38FF}.Debug|Any CPU.ActiveCfg = Debug|Any CPU
		{8555238D-5888-4A7D-8E44-469004DE38FF}.Debug|Any CPU.Build.0 = Debug|Any CPU
		{8555238D-5888-4A7D-8E44-469004DE38FF}.Release|Any CPU.ActiveCfg = Release|Any CPU
		{8555238D-5888-4A7D-8E44-469004DE38FF}.Release|Any CPU.Build.0 = Release|Any CPU
		{90C07C99-F214-4AFA-895A-CB47DF191E0E}.Debug|Any CPU.ActiveCfg = Debug|Any CPU
		{90C07C99-F214-4AFA-895A-CB47DF191E0E}.Debug|Any CPU.Build.0 = Debug|Any CPU
		{90C07C99-F214-4AFA-895A-CB47DF191E0E}.Release|Any CPU.ActiveCfg = Release|Any CPU
		{90C07C99-F214-4AFA-895A-CB47DF191E0E}.Release|Any CPU.Build.0 = Release|Any CPU
		{09ED2C1B-893E-4E13-881D-29343AA5F5E9}.Debug|Any CPU.ActiveCfg = Debug|Any CPU
		{09ED2C1B-893E-4E13-881D-29343AA5F5E9}.Debug|Any CPU.Build.0 = Debug|Any CPU
		{09ED2C1B-893E-4E13-881D-29343AA5F5E9}.Release|Any CPU.ActiveCfg = Release|Any CPU
		{09ED2C1B-893E-4E13-881D-29343AA5F5E9}.Release|Any CPU.Build.0 = Release|Any CPU
	EndGlobalSection
	GlobalSection(SolutionProperties) = preSolution
		HideSolutionNode = FALSE
	EndGlobalSection
	GlobalSection(NestedProjects) = preSolution
		{81A7D52C-AC5D-4D09-84BD-165390F5D246} = {D08F6331-8976-4136-AAA7-01ED600EB8B1}
		{CD0385A8-AB1E-4BDA-8442-8290E2691E91} = {81A7D52C-AC5D-4D09-84BD-165390F5D246}
		{2357C23C-D646-4A28-9A25-42409DE26028} = {930CAA2D-E472-4825-9AD6-C782F068BAF2}
		{82FD6D5A-2154-4A24-BB28-A27D23430E70} = {37365FD5-7AFF-496E-AEBB-C4B53632764F}
		{0BD668B1-4FD9-45B9-B57D-0DB5CFC8FA07} = {D08F6331-8976-4136-AAA7-01ED600EB8B1}
		{F2053305-DD9E-4B54-97E2-C6C74B608801} = {0BD668B1-4FD9-45B9-B57D-0DB5CFC8FA07}
		{64A9CDD8-32D0-482B-8658-57CAF7CF5803} = {D08F6331-8976-4136-AAA7-01ED600EB8B1}
		{0EA8CD61-4C54-4CE7-92D9-3AD1922E4BA1} = {64A9CDD8-32D0-482B-8658-57CAF7CF5803}
		{9A59973B-D342-4FE5-BFD9-410D2DC7D3F7} = {D08F6331-8976-4136-AAA7-01ED600EB8B1}
		{26946483-299C-4A48-AF2B-176B70BC3671} = {9A59973B-D342-4FE5-BFD9-410D2DC7D3F7}
		{18E48611-8175-437B-BD1E-43A2B9A3B7FF} = {D08F6331-8976-4136-AAA7-01ED600EB8B1}
		{81661C50-E8FF-44C1-8989-BD256535F23B} = {18E48611-8175-437B-BD1E-43A2B9A3B7FF}
		{3521452A-CF9A-41DC-9661-2F4D12411669} = {18E48611-8175-437B-BD1E-43A2B9A3B7FF}
		{A062B65B-3F0C-4317-8C02-5FAB6C311EE3} = {18E48611-8175-437B-BD1E-43A2B9A3B7FF}
		{5A224EED-4B9B-4A2E-9C2E-7CE10C852E08} = {18E48611-8175-437B-BD1E-43A2B9A3B7FF}
		{BFE867EF-450C-4D8D-93AF-FBCC11F13690} = {18E48611-8175-437B-BD1E-43A2B9A3B7FF}
		{F4F5C61C-D9A7-4E9A-ABA5-F987A373AE5C} = {D08F6331-8976-4136-AAA7-01ED600EB8B1}
		{8555238D-5888-4A7D-8E44-469004DE38FF} = {F4F5C61C-D9A7-4E9A-ABA5-F987A373AE5C}
		{90C07C99-F214-4AFA-895A-CB47DF191E0E} = {0D6320D1-EBD5-45E4-A70F-CC7E01137A81}
		{09ED2C1B-893E-4E13-881D-29343AA5F5E9} = {D454AA28-582C-4AAA-84F3-59F8588E637A}
	EndGlobalSection
	GlobalSection(ExtensibilityGlobals) = postSolution
		SolutionGuid = {42B89727-6ED8-4C15-9C1A-870949F70386}
	EndGlobalSection
EndGlobal
